// !$*UTF8*$!
{
	archiveVersion = 1;
	classes = {
	};
	objectVersion = 48;
	objects = {

/* Begin PBXBuildFile section */
		04C34A74269C426200115E48 /* Label.swift in Sources */ = {isa = PBXBuildFile; fileRef = 04C34A60269C426200115E48 /* Label.swift */; };
		04C34A75269C426200115E48 /* View.swift in Sources */ = {isa = PBXBuildFile; fileRef = 04C34A61269C426200115E48 /* View.swift */; };
		04C34A76269C426200115E48 /* AttStr.swift in Sources */ = {isa = PBXBuildFile; fileRef = 04C34A62269C426200115E48 /* AttStr.swift */; };
		04C34A77269C426200115E48 /* __Private__Implementations__.swift in Sources */ = {isa = PBXBuildFile; fileRef = 04C34A63269C426200115E48 /* __Private__Implementations__.swift */; };
		04C34A78269C426200115E48 /* Alert.swift in Sources */ = {isa = PBXBuildFile; fileRef = 04C34A64269C426200115E48 /* Alert.swift */; };
		04C34A79269C426200115E48 /* Styles.swift in Sources */ = {isa = PBXBuildFile; fileRef = 04C34A65269C426200115E48 /* Styles.swift */; };
		04C34A7A269C426200115E48 /* Stack.swift in Sources */ = {isa = PBXBuildFile; fileRef = 04C34A66269C426200115E48 /* Stack.swift */; };
		04C34A7B269C426200115E48 /* BarButton.swift in Sources */ = {isa = PBXBuildFile; fileRef = 04C34A67269C426200115E48 /* BarButton.swift */; };
		04C34A7C269C426200115E48 /* Str.swift in Sources */ = {isa = PBXBuildFile; fileRef = 04C34A68269C426200115E48 /* Str.swift */; };
		04C34A7D269C426200115E48 /* Cons.swift in Sources */ = {isa = PBXBuildFile; fileRef = 04C34A69269C426200115E48 /* Cons.swift */; };
		04C34A7E269C426200115E48 /* Cupcake.swift in Sources */ = {isa = PBXBuildFile; fileRef = 04C34A6A269C426200115E48 /* Cupcake.swift */; };
		04C34A7F269C426200115E48 /* CPKStackView.swift in Sources */ = {isa = PBXBuildFile; fileRef = 04C34A6B269C426200115E48 /* CPKStackView.swift */; };
		04C34A80269C426200115E48 /* TextField.swift in Sources */ = {isa = PBXBuildFile; fileRef = 04C34A6C269C426200115E48 /* TextField.swift */; };
		04C34A81269C426200115E48 /* TextView.swift in Sources */ = {isa = PBXBuildFile; fileRef = 04C34A6D269C426200115E48 /* TextView.swift */; };
		04C34A82269C426200115E48 /* ImageView.swift in Sources */ = {isa = PBXBuildFile; fileRef = 04C34A6E269C426200115E48 /* ImageView.swift */; };
		04C34A83269C426200115E48 /* StaticTable.swift in Sources */ = {isa = PBXBuildFile; fileRef = 04C34A6F269C426200115E48 /* StaticTable.swift */; };
		04C34A84269C426200115E48 /* Font.swift in Sources */ = {isa = PBXBuildFile; fileRef = 04C34A70269C426200115E48 /* Font.swift */; };
		04C34A85269C426200115E48 /* Button.swift in Sources */ = {isa = PBXBuildFile; fileRef = 04C34A71269C426200115E48 /* Button.swift */; };
		04C34A86269C426200115E48 /* Color.swift in Sources */ = {isa = PBXBuildFile; fileRef = 04C34A72269C426200115E48 /* Color.swift */; };
		04C34A87269C426200115E48 /* Img.swift in Sources */ = {isa = PBXBuildFile; fileRef = 04C34A73269C426200115E48 /* Img.swift */; };
		C01A2261206901F20038347B /* Cupcake.h in Headers */ = {isa = PBXBuildFile; fileRef = C01A225F206901F20038347B /* Cupcake.h */; settings = {ATTRIBUTES = (Public, ); }; };
/* End PBXBuildFile section */

/* Begin PBXFileReference section */
		04C34A60269C426200115E48 /* Label.swift */ = {isa = PBXFileReference; fileEncoding = 4; lastKnownFileType = sourcecode.swift; path = Label.swift; sourceTree = "<group>"; };
		04C34A61269C426200115E48 /* View.swift */ = {isa = PBXFileReference; fileEncoding = 4; lastKnownFileType = sourcecode.swift; path = View.swift; sourceTree = "<group>"; };
		04C34A62269C426200115E48 /* AttStr.swift */ = {isa = PBXFileReference; fileEncoding = 4; lastKnownFileType = sourcecode.swift; path = AttStr.swift; sourceTree = "<group>"; };
		04C34A63269C426200115E48 /* __Private__Implementations__.swift */ = {isa = PBXFileReference; fileEncoding = 4; lastKnownFileType = sourcecode.swift; path = __Private__Implementations__.swift; sourceTree = "<group>"; };
		04C34A64269C426200115E48 /* Alert.swift */ = {isa = PBXFileReference; fileEncoding = 4; lastKnownFileType = sourcecode.swift; path = Alert.swift; sourceTree = "<group>"; };
		04C34A65269C426200115E48 /* Styles.swift */ = {isa = PBXFileReference; fileEncoding = 4; lastKnownFileType = sourcecode.swift; path = Styles.swift; sourceTree = "<group>"; };
		04C34A66269C426200115E48 /* Stack.swift */ = {isa = PBXFileReference; fileEncoding = 4; lastKnownFileType = sourcecode.swift; path = Stack.swift; sourceTree = "<group>"; };
		04C34A67269C426200115E48 /* BarButton.swift */ = {isa = PBXFileReference; fileEncoding = 4; lastKnownFileType = sourcecode.swift; path = BarButton.swift; sourceTree = "<group>"; };
		04C34A68269C426200115E48 /* Str.swift */ = {isa = PBXFileReference; fileEncoding = 4; lastKnownFileType = sourcecode.swift; path = Str.swift; sourceTree = "<group>"; };
		04C34A69269C426200115E48 /* Cons.swift */ = {isa = PBXFileReference; fileEncoding = 4; lastKnownFileType = sourcecode.swift; path = Cons.swift; sourceTree = "<group>"; };
		04C34A6A269C426200115E48 /* Cupcake.swift */ = {isa = PBXFileReference; fileEncoding = 4; lastKnownFileType = sourcecode.swift; path = Cupcake.swift; sourceTree = "<group>"; };
		04C34A6B269C426200115E48 /* CPKStackView.swift */ = {isa = PBXFileReference; fileEncoding = 4; lastKnownFileType = sourcecode.swift; path = CPKStackView.swift; sourceTree = "<group>"; };
		04C34A6C269C426200115E48 /* TextField.swift */ = {isa = PBXFileReference; fileEncoding = 4; lastKnownFileType = sourcecode.swift; path = TextField.swift; sourceTree = "<group>"; };
		04C34A6D269C426200115E48 /* TextView.swift */ = {isa = PBXFileReference; fileEncoding = 4; lastKnownFileType = sourcecode.swift; path = TextView.swift; sourceTree = "<group>"; };
		04C34A6E269C426200115E48 /* ImageView.swift */ = {isa = PBXFileReference; fileEncoding = 4; lastKnownFileType = sourcecode.swift; path = ImageView.swift; sourceTree = "<group>"; };
		04C34A6F269C426200115E48 /* StaticTable.swift */ = {isa = PBXFileReference; fileEncoding = 4; lastKnownFileType = sourcecode.swift; path = StaticTable.swift; sourceTree = "<group>"; };
		04C34A70269C426200115E48 /* Font.swift */ = {isa = PBXFileReference; fileEncoding = 4; lastKnownFileType = sourcecode.swift; path = Font.swift; sourceTree = "<group>"; };
		04C34A71269C426200115E48 /* Button.swift */ = {isa = PBXFileReference; fileEncoding = 4; lastKnownFileType = sourcecode.swift; path = Button.swift; sourceTree = "<group>"; };
		04C34A72269C426200115E48 /* Color.swift */ = {isa = PBXFileReference; fileEncoding = 4; lastKnownFileType = sourcecode.swift; path = Color.swift; sourceTree = "<group>"; };
		04C34A73269C426200115E48 /* Img.swift */ = {isa = PBXFileReference; fileEncoding = 4; lastKnownFileType = sourcecode.swift; path = Img.swift; sourceTree = "<group>"; };
		C01A225C206901F20038347B /* Cupcake.framework */ = {isa = PBXFileReference; explicitFileType = wrapper.framework; includeInIndex = 0; path = Cupcake.framework; sourceTree = BUILT_PRODUCTS_DIR; };
		C01A225F206901F20038347B /* Cupcake.h */ = {isa = PBXFileReference; lastKnownFileType = sourcecode.c.h; path = Cupcake.h; sourceTree = "<group>"; };
		C01A2260206901F20038347B /* Info.plist */ = {isa = PBXFileReference; lastKnownFileType = text.plist.xml; path = Info.plist; sourceTree = "<group>"; };
/* End PBXFileReference section */

/* Begin PBXFrameworksBuildPhase section */
		C01A2258206901F20038347B /* Frameworks */ = {
			isa = PBXFrameworksBuildPhase;
			buildActionMask = 2147483647;
			files = (
			);
			runOnlyForDeploymentPostprocessing = 0;
		};
/* End PBXFrameworksBuildPhase section */

/* Begin PBXGroup section */
		04C34A5E269C426200115E48 /* Sources */ = {
			isa = PBXGroup;
			children = (
				04C34A5F269C426200115E48 /* Cupcake */,
			);
			path = Sources;
			sourceTree = SOURCE_ROOT;
		};
		04C34A5F269C426200115E48 /* Cupcake */ = {
			isa = PBXGroup;
			children = (
				04C34A60269C426200115E48 /* Label.swift */,
				04C34A61269C426200115E48 /* View.swift */,
				04C34A62269C426200115E48 /* AttStr.swift */,
				04C34A63269C426200115E48 /* __Private__Implementations__.swift */,
				04C34A64269C426200115E48 /* Alert.swift */,
				04C34A65269C426200115E48 /* Styles.swift */,
				04C34A66269C426200115E48 /* Stack.swift */,
				04C34A67269C426200115E48 /* BarButton.swift */,
				04C34A68269C426200115E48 /* Str.swift */,
				04C34A69269C426200115E48 /* Cons.swift */,
				04C34A6A269C426200115E48 /* Cupcake.swift */,
				04C34A6B269C426200115E48 /* CPKStackView.swift */,
				04C34A6C269C426200115E48 /* TextField.swift */,
				04C34A6D269C426200115E48 /* TextView.swift */,
				04C34A6E269C426200115E48 /* ImageView.swift */,
				04C34A6F269C426200115E48 /* StaticTable.swift */,
				04C34A70269C426200115E48 /* Font.swift */,
				04C34A71269C426200115E48 /* Button.swift */,
				04C34A72269C426200115E48 /* Color.swift */,
				04C34A73269C426200115E48 /* Img.swift */,
			);
			path = Cupcake;
			sourceTree = "<group>";
		};
		C01A2252206901F20038347B = {
			isa = PBXGroup;
			children = (
				C01A225E206901F20038347B /* Cupcake */,
				C01A225D206901F20038347B /* Products */,
			);
			sourceTree = "<group>";
		};
		C01A225D206901F20038347B /* Products */ = {
			isa = PBXGroup;
			children = (
				C01A225C206901F20038347B /* Cupcake.framework */,
			);
			name = Products;
			sourceTree = "<group>";
		};
		C01A225E206901F20038347B /* Cupcake */ = {
			isa = PBXGroup;
			children = (
				04C34A5E269C426200115E48 /* Sources */,
				C01A225F206901F20038347B /* Cupcake.h */,
				C01A2260206901F20038347B /* Info.plist */,
			);
			path = Cupcake;
			sourceTree = "<group>";
		};
/* End PBXGroup section */

/* Begin PBXHeadersBuildPhase section */
		C01A2259206901F20038347B /* Headers */ = {
			isa = PBXHeadersBuildPhase;
			buildActionMask = 2147483647;
			files = (
				C01A2261206901F20038347B /* Cupcake.h in Headers */,
			);
			runOnlyForDeploymentPostprocessing = 0;
		};
/* End PBXHeadersBuildPhase section */

/* Begin PBXNativeTarget section */
		C01A225B206901F20038347B /* Cupcake */ = {
			isa = PBXNativeTarget;
			buildConfigurationList = C01A2264206901F20038347B /* Build configuration list for PBXNativeTarget "Cupcake" */;
			buildPhases = (
				C01A2257206901F20038347B /* Sources */,
				C01A2258206901F20038347B /* Frameworks */,
				C01A2259206901F20038347B /* Headers */,
				C01A225A206901F20038347B /* Resources */,
			);
			buildRules = (
			);
			dependencies = (
			);
			name = Cupcake;
			productName = Cupcake;
			productReference = C01A225C206901F20038347B /* Cupcake.framework */;
			productType = "com.apple.product-type.framework";
		};
/* End PBXNativeTarget section */

/* Begin PBXProject section */
		C01A2253206901F20038347B /* Project object */ = {
			isa = PBXProject;
			attributes = {
				LastUpgradeCheck = 0920;
				ORGANIZATIONNAME = Clapp;
				TargetAttributes = {
					C01A225B206901F20038347B = {
						CreatedOnToolsVersion = 9.2;
						LastSwiftMigration = 0920;
						ProvisioningStyle = Automatic;
					};
				};
			};
			buildConfigurationList = C01A2256206901F20038347B /* Build configuration list for PBXProject "Cupcake" */;
			compatibilityVersion = "Xcode 8.0";
			developmentRegion = en;
			hasScannedForEncodings = 0;
			knownRegions = (
				en,
			);
			mainGroup = C01A2252206901F20038347B;
			productRefGroup = C01A225D206901F20038347B /* Products */;
			projectDirPath = "";
			projectRoot = "";
			targets = (
				C01A225B206901F20038347B /* Cupcake */,
			);
		};
/* End PBXProject section */

/* Begin PBXResourcesBuildPhase section */
		C01A225A206901F20038347B /* Resources */ = {
			isa = PBXResourcesBuildPhase;
			buildActionMask = 2147483647;
			files = (
			);
			runOnlyForDeploymentPostprocessing = 0;
		};
/* End PBXResourcesBuildPhase section */

/* Begin PBXSourcesBuildPhase section */
		C01A2257206901F20038347B /* Sources */ = {
			isa = PBXSourcesBuildPhase;
			buildActionMask = 2147483647;
			files = (
				04C34A82269C426200115E48 /* ImageView.swift in Sources */,
				04C34A75269C426200115E48 /* View.swift in Sources */,
				04C34A74269C426200115E48 /* Label.swift in Sources */,
				04C34A7A269C426200115E48 /* Stack.swift in Sources */,
				04C34A81269C426200115E48 /* TextView.swift in Sources */,
				04C34A7B269C426200115E48 /* BarButton.swift in Sources */,
				04C34A76269C426200115E48 /* AttStr.swift in Sources */,
				04C34A85269C426200115E48 /* Button.swift in Sources */,
				04C34A80269C426200115E48 /* TextField.swift in Sources */,
				04C34A79269C426200115E48 /* Styles.swift in Sources */,
				04C34A78269C426200115E48 /* Alert.swift in Sources */,
				04C34A86269C426200115E48 /* Color.swift in Sources */,
				04C34A7E269C426200115E48 /* Cupcake.swift in Sources */,
				04C34A7F269C426200115E48 /* CPKStackView.swift in Sources */,
				04C34A84269C426200115E48 /* Font.swift in Sources */,
				04C34A83269C426200115E48 /* StaticTable.swift in Sources */,
				04C34A77269C426200115E48 /* __Private__Implementations__.swift in Sources */,
				04C34A87269C426200115E48 /* Img.swift in Sources */,
				04C34A7D269C426200115E48 /* Cons.swift in Sources */,
				04C34A7C269C426200115E48 /* Str.swift in Sources */,
			);
			runOnlyForDeploymentPostprocessing = 0;
		};
/* End PBXSourcesBuildPhase section */

/* Begin XCBuildConfiguration section */
		C01A2262206901F20038347B /* Debug */ = {
			isa = XCBuildConfiguration;
			buildSettings = {
				ALWAYS_SEARCH_USER_PATHS = NO;
				CLANG_ANALYZER_NONNULL = YES;
				CLANG_ANALYZER_NUMBER_OBJECT_CONVERSION = YES_AGGRESSIVE;
				CLANG_CXX_LANGUAGE_STANDARD = "gnu++14";
				CLANG_CXX_LIBRARY = "libc++";
				CLANG_ENABLE_MODULES = YES;
				CLANG_ENABLE_OBJC_ARC = YES;
				CLANG_WARN_BLOCK_CAPTURE_AUTORELEASING = YES;
				CLANG_WARN_BOOL_CONVERSION = YES;
				CLANG_WARN_COMMA = YES;
				CLANG_WARN_CONSTANT_CONVERSION = YES;
				CLANG_WARN_DIRECT_OBJC_ISA_USAGE = YES_ERROR;
				CLANG_WARN_DOCUMENTATION_COMMENTS = YES;
				CLANG_WARN_EMPTY_BODY = YES;
				CLANG_WARN_ENUM_CONVERSION = YES;
				CLANG_WARN_INFINITE_RECURSION = YES;
				CLANG_WARN_INT_CONVERSION = YES;
				CLANG_WARN_NON_LITERAL_NULL_CONVERSION = YES;
				CLANG_WARN_OBJC_LITERAL_CONVERSION = YES;
				CLANG_WARN_OBJC_ROOT_CLASS = YES_ERROR;
				CLANG_WARN_RANGE_LOOP_ANALYSIS = YES;
				CLANG_WARN_STRICT_PROTOTYPES = YES;
				CLANG_WARN_SUSPICIOUS_MOVE = YES;
				CLANG_WARN_UNGUARDED_AVAILABILITY = YES_AGGRESSIVE;
				CLANG_WARN_UNREACHABLE_CODE = YES;
				CLANG_WARN__DUPLICATE_METHOD_MATCH = YES;
				CODE_SIGN_IDENTITY = "iPhone Developer";
				COPY_PHASE_STRIP = NO;
				CURRENT_PROJECT_VERSION = 1;
				DEBUG_INFORMATION_FORMAT = dwarf;
				ENABLE_STRICT_OBJC_MSGSEND = YES;
				ENABLE_TESTABILITY = YES;
				GCC_C_LANGUAGE_STANDARD = gnu11;
				GCC_DYNAMIC_NO_PIC = NO;
				GCC_NO_COMMON_BLOCKS = YES;
				GCC_OPTIMIZATION_LEVEL = 0;
				GCC_PREPROCESSOR_DEFINITIONS = (
					"DEBUG=1",
					"$(inherited)",
				);
				GCC_WARN_64_TO_32_BIT_CONVERSION = YES;
				GCC_WARN_ABOUT_RETURN_TYPE = YES_ERROR;
				GCC_WARN_UNDECLARED_SELECTOR = YES;
				GCC_WARN_UNINITIALIZED_AUTOS = YES_AGGRESSIVE;
				GCC_WARN_UNUSED_FUNCTION = YES;
				GCC_WARN_UNUSED_VARIABLE = YES;
				IPHONEOS_DEPLOYMENT_TARGET = 11.2;
				MTL_ENABLE_DEBUG_INFO = YES;
				ONLY_ACTIVE_ARCH = YES;
				SDKROOT = iphoneos;
				SWIFT_ACTIVE_COMPILATION_CONDITIONS = DEBUG;
				SWIFT_OPTIMIZATION_LEVEL = "-Onone";
				VERSIONING_SYSTEM = "apple-generic";
				VERSION_INFO_PREFIX = "";
			};
			name = Debug;
		};
		C01A2263206901F20038347B /* Release */ = {
			isa = XCBuildConfiguration;
			buildSettings = {
				ALWAYS_SEARCH_USER_PATHS = NO;
				CLANG_ANALYZER_NONNULL = YES;
				CLANG_ANALYZER_NUMBER_OBJECT_CONVERSION = YES_AGGRESSIVE;
				CLANG_CXX_LANGUAGE_STANDARD = "gnu++14";
				CLANG_CXX_LIBRARY = "libc++";
				CLANG_ENABLE_MODULES = YES;
				CLANG_ENABLE_OBJC_ARC = YES;
				CLANG_WARN_BLOCK_CAPTURE_AUTORELEASING = YES;
				CLANG_WARN_BOOL_CONVERSION = YES;
				CLANG_WARN_COMMA = YES;
				CLANG_WARN_CONSTANT_CONVERSION = YES;
				CLANG_WARN_DIRECT_OBJC_ISA_USAGE = YES_ERROR;
				CLANG_WARN_DOCUMENTATION_COMMENTS = YES;
				CLANG_WARN_EMPTY_BODY = YES;
				CLANG_WARN_ENUM_CONVERSION = YES;
				CLANG_WARN_INFINITE_RECURSION = YES;
				CLANG_WARN_INT_CONVERSION = YES;
				CLANG_WARN_NON_LITERAL_NULL_CONVERSION = YES;
				CLANG_WARN_OBJC_LITERAL_CONVERSION = YES;
				CLANG_WARN_OBJC_ROOT_CLASS = YES_ERROR;
				CLANG_WARN_RANGE_LOOP_ANALYSIS = YES;
				CLANG_WARN_STRICT_PROTOTYPES = YES;
				CLANG_WARN_SUSPICIOUS_MOVE = YES;
				CLANG_WARN_UNGUARDED_AVAILABILITY = YES_AGGRESSIVE;
				CLANG_WARN_UNREACHABLE_CODE = YES;
				CLANG_WARN__DUPLICATE_METHOD_MATCH = YES;
				CODE_SIGN_IDENTITY = "iPhone Developer";
				COPY_PHASE_STRIP = NO;
				CURRENT_PROJECT_VERSION = 1;
				DEBUG_INFORMATION_FORMAT = "dwarf-with-dsym";
				ENABLE_NS_ASSERTIONS = NO;
				ENABLE_STRICT_OBJC_MSGSEND = YES;
				GCC_C_LANGUAGE_STANDARD = gnu11;
				GCC_NO_COMMON_BLOCKS = YES;
				GCC_WARN_64_TO_32_BIT_CONVERSION = YES;
				GCC_WARN_ABOUT_RETURN_TYPE = YES_ERROR;
				GCC_WARN_UNDECLARED_SELECTOR = YES;
				GCC_WARN_UNINITIALIZED_AUTOS = YES_AGGRESSIVE;
				GCC_WARN_UNUSED_FUNCTION = YES;
				GCC_WARN_UNUSED_VARIABLE = YES;
				IPHONEOS_DEPLOYMENT_TARGET = 11.2;
				MTL_ENABLE_DEBUG_INFO = NO;
				SDKROOT = iphoneos;
				SWIFT_OPTIMIZATION_LEVEL = "-Owholemodule";
				VALIDATE_PRODUCT = YES;
				VERSIONING_SYSTEM = "apple-generic";
				VERSION_INFO_PREFIX = "";
			};
			name = Release;
		};
		C01A2265206901F20038347B /* Debug */ = {
			isa = XCBuildConfiguration;
			buildSettings = {
				CLANG_ENABLE_MODULES = YES;
				CODE_SIGN_IDENTITY = "";
				CODE_SIGN_STYLE = Automatic;
				DEFINES_MODULE = YES;
				DEVELOPMENT_TEAM = WRF5N8F9Y9;
				DYLIB_COMPATIBILITY_VERSION = 1;
				DYLIB_CURRENT_VERSION = 1;
				DYLIB_INSTALL_NAME_BASE = "@rpath";
				INFOPLIST_FILE = Cupcake/Info.plist;
				INSTALL_PATH = "$(LOCAL_LIBRARY_DIR)/Frameworks";
				IPHONEOS_DEPLOYMENT_TARGET = 8.0;
				LD_RUNPATH_SEARCH_PATHS = "$(inherited) @executable_path/Frameworks @loader_path/Frameworks";
				PRODUCT_BUNDLE_IDENTIFIER = eu.clapp.Cupcake;
				PRODUCT_NAME = "$(TARGET_NAME:c99extidentifier)";
				SKIP_INSTALL = YES;
				SWIFT_OPTIMIZATION_LEVEL = "-Onone";
				SWIFT_VERSION = 5.0;
				TARGETED_DEVICE_FAMILY = "1,2";
			};
			name = Debug;
		};
		C01A2266206901F20038347B /* Release */ = {
			isa = XCBuildConfiguration;
			buildSettings = {
				CLANG_ENABLE_MODULES = YES;
				CODE_SIGN_IDENTITY = "";
				CODE_SIGN_STYLE = Automatic;
				DEFINES_MODULE = YES;
				DEVELOPMENT_TEAM = WRF5N8F9Y9;
				DYLIB_COMPATIBILITY_VERSION = 1;
				DYLIB_CURRENT_VERSION = 1;
				DYLIB_INSTALL_NAME_BASE = "@rpath";
				INFOPLIST_FILE = Cupcake/Info.plist;
				INSTALL_PATH = "$(LOCAL_LIBRARY_DIR)/Frameworks";
				IPHONEOS_DEPLOYMENT_TARGET = 8.0;
				LD_RUNPATH_SEARCH_PATHS = "$(inherited) @executable_path/Frameworks @loader_path/Frameworks";
				PRODUCT_BUNDLE_IDENTIFIER = eu.clapp.Cupcake;
				PRODUCT_NAME = "$(TARGET_NAME:c99extidentifier)";
				SKIP_INSTALL = YES;
				SWIFT_VERSION = 5.0;
				TARGETED_DEVICE_FAMILY = "1,2";
			};
			name = Release;
		};
/* End XCBuildConfiguration section */

/* Begin XCConfigurationList section */
		C01A2256206901F20038347B /* Build configuration list for PBXProject "Cupcake" */ = {
			isa = XCConfigurationList;
			buildConfigurations = (
				C01A2262206901F20038347B /* Debug */,
				C01A2263206901F20038347B /* Release */,
			);
			defaultConfigurationIsVisible = 0;
			defaultConfigurationName = Release;
		};
		C01A2264206901F20038347B /* Build configuration list for PBXNativeTarget "Cupcake" */ = {
			isa = XCConfigurationList;
			buildConfigurations = (
				C01A2265206901F20038347B /* Debug */,
				C01A2266206901F20038347B /* Release */,
			);
			defaultConfigurationIsVisible = 0;
			defaultConfigurationName = Release;
		};
/* End XCConfigurationList section */
	};
	rootObject = C01A2253206901F20038347B /* Project object */;
}
